// !$*UTF8*$!
{
	archiveVersion = 1;
	classes = {
	};
	objectVersion = 77;
	objects = {

/* Begin PBXBuildFile section */
		00267D42D69CDB47852E766E /* RemoteFetcher.swift in Sources */ = {isa = PBXBuildFile; fileRef = 9E039C60CA4D2E386C859D04 /* RemoteFetcher.swift */; };
		00C0E066D66649D4E8A616CC /* VideoLibrary.swift in Sources */ = {isa = PBXBuildFile; fileRef = 5F50DFF1C33FCD3418748A55 /* VideoLibrary.swift */; };
		035322FEF2D167B23F71EC42 /* RuntimeHelpers.swift in Sources */ = {isa = PBXBuildFile; fileRef = 009C3F8619E6EDA0D03BF7F1 /* RuntimeHelpers.swift */; };
		03BA9BEA2BF491CF477FD52E /* FocusModeMonitor.swift in Sources */ = {isa = PBXBuildFile; fileRef = D0AFF43D352D793039D1DFB5 /* FocusModeMonitor.swift */; };
		0502D6F6285C04274F8EA64A /* FoldwallExtension.appex in Embed ExtensionKit Extensions */ = {isa = PBXBuildFile; fileRef = CBF4F8F8720739430A6B2304 /* FoldwallExtension.appex */; settings = {ATTRIBUTES = (RemoveHeadersOnCopy, ); }; };
		07160475125EA5E345D6C83E /* PowerPolicy.swift in Sources */ = {isa = PBXBuildFile; fileRef = F2252B86A0D6C04019F08E8F /* PowerPolicy.swift */; };
		091134F43F3E9697E215BD56 /* FoldwallCore.framework in Embed Frameworks */ = {isa = PBXBuildFile; fileRef = E49E531D6B989F9304A2E022 /* FoldwallCore.framework */; settings = {ATTRIBUTES = (CodeSignOnCopy, RemoveHeadersOnCopy, ); }; };
		0A328497EF2B9FB5F10FB13A /* BookmarkStore.swift in Sources */ = {isa = PBXBuildFile; fileRef = B0C5AB7864D8B64E462BEBFC /* BookmarkStore.swift */; };
		0E86B6FE55056D80DB31D676 /* StillPipeline.swift in Sources */ = {isa = PBXBuildFile; fileRef = F0365A5BE6AFEC79B9F9DF1A /* StillPipeline.swift */; };
		1126B7609AAAFB433500AFE5 /* ImmichSource.swift in Sources */ = {isa = PBXBuildFile; fileRef = 0C53395606A1DA4E05C57349 /* ImmichSource.swift */; };
		151782763573134BF1A2DB6F /* CacheLocationTests.swift in Sources */ = {isa = PBXBuildFile; fileRef = 4E01CE88CBBB810189D8DA9F /* CacheLocationTests.swift */; };
		16649CB4399A84CEE2CC4B86 /* SmokeTests.swift in Sources */ = {isa = PBXBuildFile; fileRef = 564344F73AFB43461C1C5C6F /* SmokeTests.swift */; };
		16770D2395B645C46580F34F /* PhotosAlbumSource.swift in Sources */ = {isa = PBXBuildFile; fileRef = 79F2C91E4115654025078FA7 /* PhotosAlbumSource.swift */; };
		16BBB7C72290AA8AADD24261 /* Scheduler.swift in Sources */ = {isa = PBXBuildFile; fileRef = B368BF402B996913638214B0 /* Scheduler.swift */; };
		16D8CC1A177A963F1E2A9D40 /* PowerPolicyTests.swift in Sources */ = {isa = PBXBuildFile; fileRef = F4747EF7E9295E3904BECE54 /* PowerPolicyTests.swift */; };
		171C4C3D85846B80536803B7 /* VideoDiscovery.swift in Sources */ = {isa = PBXBuildFile; fileRef = B8CB83C94BFAF11B687173A5 /* VideoDiscovery.swift */; };
		1ADDE794B590B6AF3765C839 /* FolderIndex.swift in Sources */ = {isa = PBXBuildFile; fileRef = 323DC509BC0D0DC3F24DF2B0 /* FolderIndex.swift */; };
		1EF45429AAF53175F083385B /* SourceRuleTests.swift in Sources */ = {isa = PBXBuildFile; fileRef = FFEE5003280816D4A6824400 /* SourceRuleTests.swift */; };
		1FA6078766AAFBEDB228813B /* RemoteSource.swift in Sources */ = {isa = PBXBuildFile; fileRef = 9DD96E66931B96E42BD2AD9B /* RemoteSource.swift */; };
		23BBDD3C9164C1F85EA7160A /* FoldwallCore.swift in Sources */ = {isa = PBXBuildFile; fileRef = A11A99B8528DAD2DC4A4A791 /* FoldwallCore.swift */; };
		265FAEA4AFBE2ECEA55C3706 /* AppSettings.swift in Sources */ = {isa = PBXBuildFile; fileRef = 226ADC67883FCB088091056A /* AppSettings.swift */; };
		27166EDA9AF7EBCAC515D4D5 /* BookmarkCodec.swift in Sources */ = {isa = PBXBuildFile; fileRef = CDCF3EE91465CE5238202918 /* BookmarkCodec.swift */; };
		29662DE33EFC38AD76C0F490 /* FoldwallCore.framework in Frameworks */ = {isa = PBXBuildFile; fileRef = E49E531D6B989F9304A2E022 /* FoldwallCore.framework */; };
		3299FC78A3798C3B872890F5 /* PexelsVideoSource.swift in Sources */ = {isa = PBXBuildFile; fileRef = 80F91579F24C55ADDFD99008 /* PexelsVideoSource.swift */; };
		35BDF2810C811F30745A5F45 /* VideoLibrary.swift in Sources */ = {isa = PBXBuildFile; fileRef = 71E708670941E4004FD0507F /* VideoLibrary.swift */; };
		375747239E8D23673EDA3BE0 /* FolderIndexTests.swift in Sources */ = {isa = PBXBuildFile; fileRef = C92B9B55B320A65ABD988F12 /* FolderIndexTests.swift */; };
		3D39C32EF99363B96CAEBA34 /* Assets.xcassets in Resources */ = {isa = PBXBuildFile; fileRef = 9F4CC304EBB9F0D5D0E651C7 /* Assets.xcassets */; };
		3DBC7A44F0A669CF5AC6090E /* RemoteSourceTests.swift in Sources */ = {isa = PBXBuildFile; fileRef = 82D67A68B60193D7474651E2 /* RemoteSourceTests.swift */; };
		3E57E6D2B78746BB87456FE4 /* BMPCache.swift in Sources */ = {isa = PBXBuildFile; fileRef = 4BD192E373AC2E51D47E0D53 /* BMPCache.swift */; };
		40E7998011B4545649176ABF /* ImageLoader.swift in Sources */ = {isa = PBXBuildFile; fileRef = DBB8D3B7FAF0FF86FEB4C4B3 /* ImageLoader.swift */; };
		495C27A4ACA263CB4FEBBCBE /* MaterializerTests.swift in Sources */ = {isa = PBXBuildFile; fileRef = 370E7E214D59EA0EA71EA2AE /* MaterializerTests.swift */; };
		54E39334AB011B4CBB2A9F56 /* MontageComposerTests.swift in Sources */ = {isa = PBXBuildFile; fileRef = 7D1BC76F17F313123DC82D1E /* MontageComposerTests.swift */; };
		5707C1DACFB8266C3AB76221 /* SettingsProvider.swift in Sources */ = {isa = PBXBuildFile; fileRef = 84B50A679DBCF07FED1D81F6 /* SettingsProvider.swift */; };
		5F9315C6A2D52A85413145ED /* ScreenBridge.swift in Sources */ = {isa = PBXBuildFile; fileRef = 01FA436262094C77F145604F /* ScreenBridge.swift */; };
		613A33A1D5135B3B42CA3A26 /* SnapshotCreation.swift in Sources */ = {isa = PBXBuildFile; fileRef = E40C81D3C1A07CE1F3ED1648 /* SnapshotCreation.swift */; };
		63A266042CDD0F21E1183FE4 /* StillFrame.swift in Sources */ = {isa = PBXBuildFile; fileRef = E216777F3E89C6FED4883D26 /* StillFrame.swift */; };
		644A533C3893C2977958C259 /* PhospheneExtension.swift in Sources */ = {isa = PBXBuildFile; fileRef = 7ECD9007D4C222C7C75876A4 /* PhospheneExtension.swift */; };
		65A9EAD6358876ED744707CB /* Log.swift in Sources */ = {isa = PBXBuildFile; fileRef = A9DBB3AC09D4C639CC4D6F16 /* Log.swift */; };
		66343747EF40A8EB3BBA6D68 /* PostProcessorTests.swift in Sources */ = {isa = PBXBuildFile; fileRef = 730E77457041D8F787E9CB3B /* PostProcessorTests.swift */; };
		6ADE634EB748FC836C883F32 /* StockPhotoSources.swift in Sources */ = {isa = PBXBuildFile; fileRef = 6883E649A361BF5DA84462EF /* StockPhotoSources.swift */; };
		6DC2F7BB1159F26D4AA2E8EC /* WallpaperExtensionConfig.swift in Sources */ = {isa = PBXBuildFile; fileRef = DC3A9FD410CB3D9B2DC5C4FF /* WallpaperExtensionConfig.swift */; };
		755EEBD8381C19103C1FD737 /* ColorDiag.swift in Sources */ = {isa = PBXBuildFile; fileRef = B38ACD486A81CECDF2FE3350 /* ColorDiag.swift */; };
		79BA557AF882B502FBFC6B4D /* PlaybackPolicy.swift in Sources */ = {isa = PBXBuildFile; fileRef = E7B10F91024DF53CB2148890 /* PlaybackPolicy.swift */; };
		7D9342E7924CA2A096470943 /* VideoSyncPolicy.swift in Sources */ = {isa = PBXBuildFile; fileRef = 0AFDC7276A7213CF7E068E29 /* VideoSyncPolicy.swift */; };
		8615F7E8DA4CDBF3A92C7F62 /* VideoRenderer.swift in Sources */ = {isa = PBXBuildFile; fileRef = 3D7ECEFC677F192CEC4055E5 /* VideoRenderer.swift */; };
		87655E5A14310BDF681663B3 /* VideoBudget.swift in Sources */ = {isa = PBXBuildFile; fileRef = 0E4ED49A791C704E2B642E77 /* VideoBudget.swift */; };
		8F165965AF7C999A7B627A59 /* FoldwallCore.framework in Embed Frameworks */ = {isa = PBXBuildFile; fileRef = E49E531D6B989F9304A2E022 /* FoldwallCore.framework */; settings = {ATTRIBUTES = (CodeSignOnCopy, RemoveHeadersOnCopy, ); }; };
		94E651F73BBE0E46A883C2D7 /* StillBisect.swift in Sources */ = {isa = PBXBuildFile; fileRef = 6DF36A574783B3A5CF124D0B /* StillBisect.swift */; };
		95B31AFB47B596304F871036 /* MontageComposer.swift in Sources */ = {isa = PBXBuildFile; fileRef = 2216BA67DC766360D922163E /* MontageComposer.swift */; };
		A01F51BB128D11E0938E7C96 /* AppPaths.swift in Sources */ = {isa = PBXBuildFile; fileRef = 4F48E153F0F5100E70855B71 /* AppPaths.swift */; };
		A0A9099A6D996FB5B3536C8A /* FoldwallCore.framework in Frameworks */ = {isa = PBXBuildFile; fileRef = E49E531D6B989F9304A2E022 /* FoldwallCore.framework */; };
		AACF133C242AB3AAC1A1CCBC /* MenuBarView.swift in Sources */ = {isa = PBXBuildFile; fileRef = BB691C4A6FDC0397BEE42712 /* MenuBarView.swift */; };
		AD8805F559DFCB093ECB0516 /* CodableShims.swift in Sources */ = {isa = PBXBuildFile; fileRef = 7C4BFC4A5542B8AF792DC9E0 /* CodableShims.swift */; };
		AD934039EE7025AA2DCEF959 /* PathSafety.swift in Sources */ = {isa = PBXBuildFile; fileRef = 795D5C0D79855DB63BB50C04 /* PathSafety.swift */; };
		AF6179D5C589BC4CC699D4F6 /* PostProcessor.swift in Sources */ = {isa = PBXBuildFile; fileRef = 50AC50656034A8E70E15745A /* PostProcessor.swift */; };
		B2EB06A05DE4694840CE0EA8 /* MediaTypes.swift in Sources */ = {isa = PBXBuildFile; fileRef = 0536332713CD383113F12207 /* MediaTypes.swift */; };
		B3C57A19BAB25B7EBCFCBDCB /* CacheLocation.swift in Sources */ = {isa = PBXBuildFile; fileRef = 82AF9FEF27C90104972F2A43 /* CacheLocation.swift */; };
		B58B5B92EBFE84E3DBA8DADE /* RSSPhotoSource.swift in Sources */ = {isa = PBXBuildFile; fileRef = E4C106A8CD899E27A4D09DB6 /* RSSPhotoSource.swift */; };
		B5E53840ED965C03C2758641 /* SourcePools.swift in Sources */ = {isa = PBXBuildFile; fileRef = D39B229838E571534ADF21BC /* SourcePools.swift */; };
		BBAB65431B2DFD61F0889A4B /* FolderStore.swift in Sources */ = {isa = PBXBuildFile; fileRef = 21CCF36F676D3CBC0E595622 /* FolderStore.swift */; };
		C2158F12A42DF513374AD5B9 /* MediaIndexerTests.swift in Sources */ = {isa = PBXBuildFile; fileRef = F38B76ED23633AAB64E77B82 /* MediaIndexerTests.swift */; };
		C24D15F995832C471CB6A068 /* Materializer.swift in Sources */ = {isa = PBXBuildFile; fileRef = 4A1ABB98FFC2C01CC91F13C7 /* Materializer.swift */; };
		C43F79CADDE30F70102A808E /* VideoBudgetTests.swift in Sources */ = {isa = PBXBuildFile; fileRef = 48735D5E9C401F36A5445D3E /* VideoBudgetTests.swift */; };
		C9D2253EB8B4468A1B5B6C25 /* Logging.swift in Sources */ = {isa = PBXBuildFile; fileRef = A5E2643B0C660DA235688E63 /* Logging.swift */; };
		CA8E6F160E654B5F4FD844B3 /* SpiralRecovery.swift in Sources */ = {isa = PBXBuildFile; fileRef = 518D0031795CF649B310C408 /* SpiralRecovery.swift */; };
		CABE1C2984D7A947A550212A /* SeededGenerator.swift in Sources */ = {isa = PBXBuildFile; fileRef = 6F0090E8FE99370E3B33F4C3 /* SeededGenerator.swift */; };
		CBE43F39325415669C08EB27 /* CallerValidation.swift in Sources */ = {isa = PBXBuildFile; fileRef = C6B08E9E36E9B7A93860DEB2 /* CallerValidation.swift */; };
		D74A7F0CFB9EC1027461EEC5 /* FocusMode.swift in Sources */ = {isa = PBXBuildFile; fileRef = 3B012BB744EF3731DFE4932C /* FocusMode.swift */; };
		D78F40C2C2CB739C8376EC74 /* ImageLoaderTests.swift in Sources */ = {isa = PBXBuildFile; fileRef = 80EB9ED77FE384AFBBD4E399 /* ImageLoaderTests.swift */; };
		D9C3D378F0BD590722071BEC /* MediaIndexer.swift in Sources */ = {isa = PBXBuildFile; fileRef = A1F33540AF00E0706871101C /* MediaIndexer.swift */; };
		D9C7AA987B0FB65778C1E8F0 /* WallpaperXPCHandler.swift in Sources */ = {isa = PBXBuildFile; fileRef = 1255182E3C1E803ACB818039 /* WallpaperXPCHandler.swift */; };
		DBC5BD6539C32AFCEA679DCD /* SchedulerTests.swift in Sources */ = {isa = PBXBuildFile; fileRef = DBAC7B5EAFB0B7AD84CC89FA /* SchedulerTests.swift */; };
		DEE8E46B1D901D07C5714997 /* WallpaperCoordinator.swift in Sources */ = {isa = PBXBuildFile; fileRef = 454234BEFCC9A12FB66E29D8 /* WallpaperCoordinator.swift */; };
		E0A358BA2EAF27C05918B2D8 /* VideoSyncPolicyTests.swift in Sources */ = {isa = PBXBuildFile; fileRef = C8275ADFFEE34F26A3E5F290 /* VideoSyncPolicyTests.swift */; };
		E1E10DEF235F35016D1443BE /* WallpaperState.swift in Sources */ = {isa = PBXBuildFile; fileRef = F77B1E00F726450C0F0D065D /* WallpaperState.swift */; };
		E437D5446590E9374407145A /* StillPipelineTests.swift in Sources */ = {isa = PBXBuildFile; fileRef = 8D180418083ACDF14855DAA6 /* StillPipelineTests.swift */; };
		E497FC198B031BA42C51FC88 /* SettingsView.swift in Sources */ = {isa = PBXBuildFile; fileRef = E221C56A9E685EE7ACF3A57A /* SettingsView.swift */; };
		EDF67E4774379F61CEAEA4A3 /* WallpaperIDProbe.swift in Sources */ = {isa = PBXBuildFile; fileRef = 3795C77FC9B118EFF6165BFC /* WallpaperIDProbe.swift */; };
		F0F35D7FBBF9A88B621B8E38 /* WallpaperPrefs.swift in Sources */ = {isa = PBXBuildFile; fileRef = EF3539615A6B30B3606F7909 /* WallpaperPrefs.swift */; };
		F284864AD5D3FFD2108FABF6 /* App.swift in Sources */ = {isa = PBXBuildFile; fileRef = BC1D4C56749604071D777F79 /* App.swift */; };
		F5BDA3E030571A72F08DD061 /* URLCommands.swift in Sources */ = {isa = PBXBuildFile; fileRef = D4C5157584F83440AAC77604 /* URLCommands.swift */; };
		F62BD57266782820386C1DD8 /* KeychainStore.swift in Sources */ = {isa = PBXBuildFile; fileRef = 64B89E4469A8396C7755B3F3 /* KeychainStore.swift */; };
		F6D52EE27881CC76F93FEF53 /* SettingsPush.swift in Sources */ = {isa = PBXBuildFile; fileRef = B343126CD55D783EC5E00EE5 /* SettingsPush.swift */; };
		FA6BD13E5C5D78CF617584B6 /* BookmarkCodecTests.swift in Sources */ = {isa = PBXBuildFile; fileRef = BE46C077CBAA4384DAC0ACD7 /* BookmarkCodecTests.swift */; };
		FA9453E545A31301D817F5BA /* PowerMonitor.swift in Sources */ = {isa = PBXBuildFile; fileRef = B1ABA945B65F90652072F5EB /* PowerMonitor.swift */; };
		FE20FEC26E53CF676927CE4D /* ShuffleController.swift in Sources */ = {isa = PBXBuildFile; fileRef = C3FB60BFEE248C8E6DD972BE /* ShuffleController.swift */; };
		FE9558C9F45F0B65F2C27343 /* SourceRule.swift in Sources */ = {isa = PBXBuildFile; fileRef = 1C09F091FE57E0C6E576D4DB /* SourceRule.swift */; };
/* End PBXBuildFile section */

/* Begin PBXContainerItemProxy section */
		36EE5595143A46F7DFDF5318 /* PBXContainerItemProxy */ = {
			isa = PBXContainerItemProxy;
			containerPortal = 9D42663548EAAA55EEC2DDED /* Project object */;
			proxyType = 1;
			remoteGlobalIDString = 2FC1E52C177B72AD8E14D3E7;
			remoteInfo = FoldwallCore;
		};
		B7688DB8B229E999FBCB3C4B /* PBXContainerItemProxy */ = {
			isa = PBXContainerItemProxy;
			containerPortal = 9D42663548EAAA55EEC2DDED /* Project object */;
			proxyType = 1;
			remoteGlobalIDString = FF04888971DC8A34248FE432;
			remoteInfo = FoldwallExtension;
		};
		D3AF93C9F1CCA6AA81767133 /* PBXContainerItemProxy */ = {
			isa = PBXContainerItemProxy;
			containerPortal = 9D42663548EAAA55EEC2DDED /* Project object */;
			proxyType = 1;
			remoteGlobalIDString = 2FC1E52C177B72AD8E14D3E7;
			remoteInfo = FoldwallCore;
		};
/* End PBXContainerItemProxy section */

/* Begin PBXCopyFilesBuildPhase section */
		8A263DBD35C01BD0C03C3224 /* Embed Frameworks */ = {
			isa = PBXCopyFilesBuildPhase;
			buildActionMask = 2147483647;
			dstPath = "";
			dstSubfolderSpec = 10;
			files = (
				091134F43F3E9697E215BD56 /* FoldwallCore.framework in Embed Frameworks */,
			);
			name = "Embed Frameworks";
			runOnlyForDeploymentPostprocessing = 0;
		};
		95348531D1C6736FBDBA5ECA /* Embed ExtensionKit Extensions */ = {
			isa = PBXCopyFilesBuildPhase;
			buildActionMask = 2147483647;
			dstPath = "$(EXTENSIONS_FOLDER_PATH)";
			dstSubfolderSpec = 16;
			files = (
				0502D6F6285C04274F8EA64A /* FoldwallExtension.appex in Embed ExtensionKit Extensions */,
			);
			name = "Embed ExtensionKit Extensions";
			runOnlyForDeploymentPostprocessing = 0;
		};
		CF1DB9C5BB78FB689CBDFEDA /* Embed Frameworks */ = {
			isa = PBXCopyFilesBuildPhase;
			buildActionMask = 2147483647;
			dstPath = "";
			dstSubfolderSpec = 10;
			files = (
				8F165965AF7C999A7B627A59 /* FoldwallCore.framework in Embed Frameworks */,
			);
			name = "Embed Frameworks";
			runOnlyForDeploymentPostprocessing = 0;
		};
/* End PBXCopyFilesBuildPhase section */

/* Begin PBXFileReference section */
		009C3F8619E6EDA0D03BF7F1 /* RuntimeHelpers.swift */ = {isa = PBXFileReference; lastKnownFileType = sourcecode.swift; path = RuntimeHelpers.swift; sourceTree = "<group>"; };
		01FA436262094C77F145604F /* ScreenBridge.swift */ = {isa = PBXFileReference; lastKnownFileType = sourcecode.swift; path = ScreenBridge.swift; sourceTree = "<group>"; };
		0536332713CD383113F12207 /* MediaTypes.swift */ = {isa = PBXFileReference; lastKnownFileType = sourcecode.swift; path = MediaTypes.swift; sourceTree = "<group>"; };
		0AFDC7276A7213CF7E068E29 /* VideoSyncPolicy.swift */ = {isa = PBXFileReference; lastKnownFileType = sourcecode.swift; path = VideoSyncPolicy.swift; sourceTree = "<group>"; };
		0C53395606A1DA4E05C57349 /* ImmichSource.swift */ = {isa = PBXFileReference; lastKnownFileType = sourcecode.swift; path = ImmichSource.swift; sourceTree = "<group>"; };
		0E4ED49A791C704E2B642E77 /* VideoBudget.swift */ = {isa = PBXFileReference; lastKnownFileType = sourcecode.swift; path = VideoBudget.swift; sourceTree = "<group>"; };
		1255182E3C1E803ACB818039 /* WallpaperXPCHandler.swift */ = {isa = PBXFileReference; lastKnownFileType = sourcecode.swift; path = WallpaperXPCHandler.swift; sourceTree = "<group>"; };
		1C09F091FE57E0C6E576D4DB /* SourceRule.swift */ = {isa = PBXFileReference; lastKnownFileType = sourcecode.swift; path = SourceRule.swift; sourceTree = "<group>"; };
		21CCF36F676D3CBC0E595622 /* FolderStore.swift */ = {isa = PBXFileReference; lastKnownFileType = sourcecode.swift; path = FolderStore.swift; sourceTree = "<group>"; };
		2216BA67DC766360D922163E /* MontageComposer.swift */ = {isa = PBXFileReference; lastKnownFileType = sourcecode.swift; path = MontageComposer.swift; sourceTree = "<group>"; };
		226ADC67883FCB088091056A /* AppSettings.swift */ = {isa = PBXFileReference; lastKnownFileType = sourcecode.swift; path = AppSettings.swift; sourceTree = "<group>"; };
		2EAD79AD8134BB68B8809051 /* Info.plist */ = {isa = PBXFileReference; lastKnownFileType = text.plist; path = Info.plist; sourceTree = "<group>"; };
		323DC509BC0D0DC3F24DF2B0 /* FolderIndex.swift */ = {isa = PBXFileReference; lastKnownFileType = sourcecode.swift; path = FolderIndex.swift; sourceTree = "<group>"; };
		330F76F05B90DA6A2C8994B2 /* FoldwallCoreTests.xctest */ = {isa = PBXFileReference; explicitFileType = wrapper.cfbundle; includeInIndex = 0; path = FoldwallCoreTests.xctest; sourceTree = BUILT_PRODUCTS_DIR; };
		370E7E214D59EA0EA71EA2AE /* MaterializerTests.swift */ = {isa = PBXFileReference; lastKnownFileType = sourcecode.swift; path = MaterializerTests.swift; sourceTree = "<group>"; };
		3795C77FC9B118EFF6165BFC /* WallpaperIDProbe.swift */ = {isa = PBXFileReference; lastKnownFileType = sourcecode.swift; path = WallpaperIDProbe.swift; sourceTree = "<group>"; };
		3B012BB744EF3731DFE4932C /* FocusMode.swift */ = {isa = PBXFileReference; lastKnownFileType = sourcecode.swift; path = FocusMode.swift; sourceTree = "<group>"; };
		3D7ECEFC677F192CEC4055E5 /* VideoRenderer.swift */ = {isa = PBXFileReference; lastKnownFileType = sourcecode.swift; path = VideoRenderer.swift; sourceTree = "<group>"; };
		454234BEFCC9A12FB66E29D8 /* WallpaperCoordinator.swift */ = {isa = PBXFileReference; lastKnownFileType = sourcecode.swift; path = WallpaperCoordinator.swift; sourceTree = "<group>"; };
		482A530F542F9E528E053F99 /* Foldwall.app */ = {isa = PBXFileReference; explicitFileType = wrapper.application; includeInIndex = 0; path = Foldwall.app; sourceTree = BUILT_PRODUCTS_DIR; };
		48735D5E9C401F36A5445D3E /* VideoBudgetTests.swift */ = {isa = PBXFileReference; lastKnownFileType = sourcecode.swift; path = VideoBudgetTests.swift; sourceTree = "<group>"; };
		4A1ABB98FFC2C01CC91F13C7 /* Materializer.swift */ = {isa = PBXFileReference; lastKnownFileType = sourcecode.swift; path = Materializer.swift; sourceTree = "<group>"; };
		4BD192E373AC2E51D47E0D53 /* BMPCache.swift */ = {isa = PBXFileReference; lastKnownFileType = sourcecode.swift; path = BMPCache.swift; sourceTree = "<group>"; };
		4E01CE88CBBB810189D8DA9F /* CacheLocationTests.swift */ = {isa = PBXFileReference; lastKnownFileType = sourcecode.swift; path = CacheLocationTests.swift; sourceTree = "<group>"; };
		4F48E153F0F5100E70855B71 /* AppPaths.swift */ = {isa = PBXFileReference; lastKnownFileType = sourcecode.swift; path = AppPaths.swift; sourceTree = "<group>"; };
		50AC50656034A8E70E15745A /* PostProcessor.swift */ = {isa = PBXFileReference; lastKnownFileType = sourcecode.swift; path = PostProcessor.swift; sourceTree = "<group>"; };
		518D0031795CF649B310C408 /* SpiralRecovery.swift */ = {isa = PBXFileReference; lastKnownFileType = sourcecode.swift; path = SpiralRecovery.swift; sourceTree = "<group>"; };
		564344F73AFB43461C1C5C6F /* SmokeTests.swift */ = {isa = PBXFileReference; lastKnownFileType = sourcecode.swift; path = SmokeTests.swift; sourceTree = "<group>"; };
		5F50DFF1C33FCD3418748A55 /* VideoLibrary.swift */ = {isa = PBXFileReference; lastKnownFileType = sourcecode.swift; path = VideoLibrary.swift; sourceTree = "<group>"; };
		64B89E4469A8396C7755B3F3 /* KeychainStore.swift */ = {isa = PBXFileReference; lastKnownFileType = sourcecode.swift; path = KeychainStore.swift; sourceTree = "<group>"; };
		6883E649A361BF5DA84462EF /* StockPhotoSources.swift */ = {isa = PBXFileReference; lastKnownFileType = sourcecode.swift; path = StockPhotoSources.swift; sourceTree = "<group>"; };
		6C0594BA6D7501BB7329D2AB /* WallpaperExtension-Bridging-Header.h */ = {isa = PBXFileReference; lastKnownFileType = sourcecode.c.h; path = "WallpaperExtension-Bridging-Header.h"; sourceTree = "<group>"; };
		6DF36A574783B3A5CF124D0B /* StillBisect.swift */ = {isa = PBXFileReference; lastKnownFileType = sourcecode.swift; path = StillBisect.swift; sourceTree = "<group>"; };
		6F0090E8FE99370E3B33F4C3 /* SeededGenerator.swift */ = {isa = PBXFileReference; lastKnownFileType = sourcecode.swift; path = SeededGenerator.swift; sourceTree = "<group>"; };
		71E708670941E4004FD0507F /* VideoLibrary.swift */ = {isa = PBXFileReference; lastKnownFileType = sourcecode.swift; path = VideoLibrary.swift; sourceTree = "<group>"; };
		730E77457041D8F787E9CB3B /* PostProcessorTests.swift */ = {isa = PBXFileReference; lastKnownFileType = sourcecode.swift; path = PostProcessorTests.swift; sourceTree = "<group>"; };
		75E399C0F031A106A0C2F0B0 /* Info.plist */ = {isa = PBXFileReference; lastKnownFileType = text.plist; path = Info.plist; sourceTree = "<group>"; };
		795D5C0D79855DB63BB50C04 /* PathSafety.swift */ = {isa = PBXFileReference; lastKnownFileType = sourcecode.swift; path = PathSafety.swift; sourceTree = "<group>"; };
		79F2C91E4115654025078FA7 /* PhotosAlbumSource.swift */ = {isa = PBXFileReference; lastKnownFileType = sourcecode.swift; path = PhotosAlbumSource.swift; sourceTree = "<group>"; };
		7C4BFC4A5542B8AF792DC9E0 /* CodableShims.swift */ = {isa = PBXFileReference; lastKnownFileType = sourcecode.swift; path = CodableShims.swift; sourceTree = "<group>"; };
		7D1BC76F17F313123DC82D1E /* MontageComposerTests.swift */ = {isa = PBXFileReference; lastKnownFileType = sourcecode.swift; path = MontageComposerTests.swift; sourceTree = "<group>"; };
		7ECD9007D4C222C7C75876A4 /* PhospheneExtension.swift */ = {isa = PBXFileReference; lastKnownFileType = sourcecode.swift; path = PhospheneExtension.swift; sourceTree = "<group>"; };
		80EB9ED77FE384AFBBD4E399 /* ImageLoaderTests.swift */ = {isa = PBXFileReference; lastKnownFileType = sourcecode.swift; path = ImageLoaderTests.swift; sourceTree = "<group>"; };
		80F91579F24C55ADDFD99008 /* PexelsVideoSource.swift */ = {isa = PBXFileReference; lastKnownFileType = sourcecode.swift; path = PexelsVideoSource.swift; sourceTree = "<group>"; };
		82AF9FEF27C90104972F2A43 /* CacheLocation.swift */ = {isa = PBXFileReference; lastKnownFileType = sourcecode.swift; path = CacheLocation.swift; sourceTree = "<group>"; };
		82D67A68B60193D7474651E2 /* RemoteSourceTests.swift */ = {isa = PBXFileReference; lastKnownFileType = sourcecode.swift; path = RemoteSourceTests.swift; sourceTree = "<group>"; };
		84B50A679DBCF07FED1D81F6 /* SettingsProvider.swift */ = {isa = PBXFileReference; lastKnownFileType = sourcecode.swift; path = SettingsProvider.swift; sourceTree = "<group>"; };
		8D180418083ACDF14855DAA6 /* StillPipelineTests.swift */ = {isa = PBXFileReference; lastKnownFileType = sourcecode.swift; path = StillPipelineTests.swift; sourceTree = "<group>"; };
		9DD96E66931B96E42BD2AD9B /* RemoteSource.swift */ = {isa = PBXFileReference; lastKnownFileType = sourcecode.swift; path = RemoteSource.swift; sourceTree = "<group>"; };
		9E039C60CA4D2E386C859D04 /* RemoteFetcher.swift */ = {isa = PBXFileReference; lastKnownFileType = sourcecode.swift; path = RemoteFetcher.swift; sourceTree = "<group>"; };
		9F4CC304EBB9F0D5D0E651C7 /* Assets.xcassets */ = {isa = PBXFileReference; lastKnownFileType = folder.assetcatalog; path = Assets.xcassets; sourceTree = "<group>"; };
		A11A99B8528DAD2DC4A4A791 /* FoldwallCore.swift */ = {isa = PBXFileReference; lastKnownFileType = sourcecode.swift; path = FoldwallCore.swift; sourceTree = "<group>"; };
		A1F33540AF00E0706871101C /* MediaIndexer.swift */ = {isa = PBXFileReference; lastKnownFileType = sourcecode.swift; path = MediaIndexer.swift; sourceTree = "<group>"; };
		A5E2643B0C660DA235688E63 /* Logging.swift */ = {isa = PBXFileReference; lastKnownFileType = sourcecode.swift; path = Logging.swift; sourceTree = "<group>"; };
		A9DBB3AC09D4C639CC4D6F16 /* Log.swift */ = {isa = PBXFileReference; lastKnownFileType = sourcecode.swift; path = Log.swift; sourceTree = "<group>"; };
		B0C5AB7864D8B64E462BEBFC /* BookmarkStore.swift */ = {isa = PBXFileReference; lastKnownFileType = sourcecode.swift; path = BookmarkStore.swift; sourceTree = "<group>"; };
		B1ABA945B65F90652072F5EB /* PowerMonitor.swift */ = {isa = PBXFileReference; lastKnownFileType = sourcecode.swift; path = PowerMonitor.swift; sourceTree = "<group>"; };
		B343126CD55D783EC5E00EE5 /* SettingsPush.swift */ = {isa = PBXFileReference; lastKnownFileType = sourcecode.swift; path = SettingsPush.swift; sourceTree = "<group>"; };
		B368BF402B996913638214B0 /* Scheduler.swift */ = {isa = PBXFileReference; lastKnownFileType = sourcecode.swift; path = Scheduler.swift; sourceTree = "<group>"; };
		B38ACD486A81CECDF2FE3350 /* ColorDiag.swift */ = {isa = PBXFileReference; lastKnownFileType = sourcecode.swift; path = ColorDiag.swift; sourceTree = "<group>"; };
		B8CB83C94BFAF11B687173A5 /* VideoDiscovery.swift */ = {isa = PBXFileReference; lastKnownFileType = sourcecode.swift; path = VideoDiscovery.swift; sourceTree = "<group>"; };
		BB691C4A6FDC0397BEE42712 /* MenuBarView.swift */ = {isa = PBXFileReference; lastKnownFileType = sourcecode.swift; path = MenuBarView.swift; sourceTree = "<group>"; };
		BC1D4C56749604071D777F79 /* App.swift */ = {isa = PBXFileReference; lastKnownFileType = sourcecode.swift; path = App.swift; sourceTree = "<group>"; };
		BE46C077CBAA4384DAC0ACD7 /* BookmarkCodecTests.swift */ = {isa = PBXFileReference; lastKnownFileType = sourcecode.swift; path = BookmarkCodecTests.swift; sourceTree = "<group>"; };
		C3FB60BFEE248C8E6DD972BE /* ShuffleController.swift */ = {isa = PBXFileReference; lastKnownFileType = sourcecode.swift; path = ShuffleController.swift; sourceTree = "<group>"; };
		C6B08E9E36E9B7A93860DEB2 /* CallerValidation.swift */ = {isa = PBXFileReference; lastKnownFileType = sourcecode.swift; path = CallerValidation.swift; sourceTree = "<group>"; };
		C8275ADFFEE34F26A3E5F290 /* VideoSyncPolicyTests.swift */ = {isa = PBXFileReference; lastKnownFileType = sourcecode.swift; path = VideoSyncPolicyTests.swift; sourceTree = "<group>"; };
		C92B9B55B320A65ABD988F12 /* FolderIndexTests.swift */ = {isa = PBXFileReference; lastKnownFileType = sourcecode.swift; path = FolderIndexTests.swift; sourceTree = "<group>"; };
		CBF4F8F8720739430A6B2304 /* FoldwallExtension.appex */ = {isa = PBXFileReference; explicitFileType = "wrapper.extensionkit-extension"; includeInIndex = 0; path = FoldwallExtension.appex; sourceTree = BUILT_PRODUCTS_DIR; };
		CDCF3EE91465CE5238202918 /* BookmarkCodec.swift */ = {isa = PBXFileReference; lastKnownFileType = sourcecode.swift; path = BookmarkCodec.swift; sourceTree = "<group>"; };
		D0AFF43D352D793039D1DFB5 /* FocusModeMonitor.swift */ = {isa = PBXFileReference; lastKnownFileType = sourcecode.swift; path = FocusModeMonitor.swift; sourceTree = "<group>"; };
		D39B229838E571534ADF21BC /* SourcePools.swift */ = {isa = PBXFileReference; lastKnownFileType = sourcecode.swift; path = SourcePools.swift; sourceTree = "<group>"; };
		D4C5157584F83440AAC77604 /* URLCommands.swift */ = {isa = PBXFileReference; lastKnownFileType = sourcecode.swift; path = URLCommands.swift; sourceTree = "<group>"; };
		DBAC7B5EAFB0B7AD84CC89FA /* SchedulerTests.swift */ = {isa = PBXFileReference; lastKnownFileType = sourcecode.swift; path = SchedulerTests.swift; sourceTree = "<group>"; };
		DBB8D3B7FAF0FF86FEB4C4B3 /* ImageLoader.swift */ = {isa = PBXFileReference; lastKnownFileType = sourcecode.swift; path = ImageLoader.swift; sourceTree = "<group>"; };
		DC3A9FD410CB3D9B2DC5C4FF /* WallpaperExtensionConfig.swift */ = {isa = PBXFileReference; lastKnownFileType = sourcecode.swift; path = WallpaperExtensionConfig.swift; sourceTree = "<group>"; };
		E216777F3E89C6FED4883D26 /* StillFrame.swift */ = {isa = PBXFileReference; lastKnownFileType = sourcecode.swift; path = StillFrame.swift; sourceTree = "<group>"; };
		E221C56A9E685EE7ACF3A57A /* SettingsView.swift */ = {isa = PBXFileReference; lastKnownFileType = sourcecode.swift; path = SettingsView.swift; sourceTree = "<group>"; };
		E404CF85EC5B012A6502A22F /* Foldwall.entitlements */ = {isa = PBXFileReference; lastKnownFileType = text.plist.entitlements; path = Foldwall.entitlements; sourceTree = "<group>"; };
		E40C81D3C1A07CE1F3ED1648 /* SnapshotCreation.swift */ = {isa = PBXFileReference; lastKnownFileType = sourcecode.swift; path = SnapshotCreation.swift; sourceTree = "<group>"; };
		E49E531D6B989F9304A2E022 /* FoldwallCore.framework */ = {isa = PBXFileReference; explicitFileType = wrapper.framework; includeInIndex = 0; path = FoldwallCore.framework; sourceTree = BUILT_PRODUCTS_DIR; };
		E4C106A8CD899E27A4D09DB6 /* RSSPhotoSource.swift */ = {isa = PBXFileReference; lastKnownFileType = sourcecode.swift; path = RSSPhotoSource.swift; sourceTree = "<group>"; };
		E7B10F91024DF53CB2148890 /* PlaybackPolicy.swift */ = {isa = PBXFileReference; lastKnownFileType = sourcecode.swift; path = PlaybackPolicy.swift; sourceTree = "<group>"; };
		EF3539615A6B30B3606F7909 /* WallpaperPrefs.swift */ = {isa = PBXFileReference; lastKnownFileType = sourcecode.swift; path = WallpaperPrefs.swift; sourceTree = "<group>"; };
		F0365A5BE6AFEC79B9F9DF1A /* StillPipeline.swift */ = {isa = PBXFileReference; lastKnownFileType = sourcecode.swift; path = StillPipeline.swift; sourceTree = "<group>"; };
		F2252B86A0D6C04019F08E8F /* PowerPolicy.swift */ = {isa = PBXFileReference; lastKnownFileType = sourcecode.swift; path = PowerPolicy.swift; sourceTree = "<group>"; };
		F38B76ED23633AAB64E77B82 /* MediaIndexerTests.swift */ = {isa = PBXFileReference; lastKnownFileType = sourcecode.swift; path = MediaIndexerTests.swift; sourceTree = "<group>"; };
		F4747EF7E9295E3904BECE54 /* PowerPolicyTests.swift */ = {isa = PBXFileReference; lastKnownFileType = sourcecode.swift; path = PowerPolicyTests.swift; sourceTree = "<group>"; };
		F77B1E00F726450C0F0D065D /* WallpaperState.swift */ = {isa = PBXFileReference; lastKnownFileType = sourcecode.swift; path = WallpaperState.swift; sourceTree = "<group>"; };
		FFEE5003280816D4A6824400 /* SourceRuleTests.swift */ = {isa = PBXFileReference; lastKnownFileType = sourcecode.swift; path = SourceRuleTests.swift; sourceTree = "<group>"; };
/* End PBXFileReference section */

/* Begin PBXFrameworksBuildPhase section */
		7E6289C27F9A372E35A139DB /* Frameworks */ = {
			isa = PBXFrameworksBuildPhase;
			buildActionMask = 2147483647;
			files = (
				29662DE33EFC38AD76C0F490 /* FoldwallCore.framework in Frameworks */,
			);
			runOnlyForDeploymentPostprocessing = 0;
		};
		8699D32BB9A1A12F6E4B4396 /* Frameworks */ = {
			isa = PBXFrameworksBuildPhase;
			buildActionMask = 2147483647;
			files = (
				A0A9099A6D996FB5B3536C8A /* FoldwallCore.framework in Frameworks */,
			);
			runOnlyForDeploymentPostprocessing = 0;
		};
/* End PBXFrameworksBuildPhase section */

/* Begin PBXGroup section */
		1E3B0AB547E5B1C5FAA0C7C6 = {
			isa = PBXGroup;
			children = (
				67A6D6E1870A8E48D3F392EF /* Foldwall */,
				D835018F0782A3A7A6FD6E67 /* FoldwallCore */,
				D0124B9B35C7BE554E63590F /* FoldwallCoreTests */,
				7D1328E0F0F4F49B79EB93CD /* FoldwallExtension */,
				5509EF074B754DF578AF0B3B /* Products */,
			);
			sourceTree = "<group>";
		};
		5509EF074B754DF578AF0B3B /* Products */ = {
			isa = PBXGroup;
			children = (
				482A530F542F9E528E053F99 /* Foldwall.app */,
				E49E531D6B989F9304A2E022 /* FoldwallCore.framework */,
				330F76F05B90DA6A2C8994B2 /* FoldwallCoreTests.xctest */,
				CBF4F8F8720739430A6B2304 /* FoldwallExtension.appex */,
			);
			name = Products;
			sourceTree = "<group>";
		};
		67A6D6E1870A8E48D3F392EF /* Foldwall */ = {
			isa = PBXGroup;
			children = (
				BC1D4C56749604071D777F79 /* App.swift */,
				226ADC67883FCB088091056A /* AppSettings.swift */,
				9F4CC304EBB9F0D5D0E651C7 /* Assets.xcassets */,
				B0C5AB7864D8B64E462BEBFC /* BookmarkStore.swift */,
				D0AFF43D352D793039D1DFB5 /* FocusModeMonitor.swift */,
				E404CF85EC5B012A6502A22F /* Foldwall.entitlements */,
				75E399C0F031A106A0C2F0B0 /* Info.plist */,
				64B89E4469A8396C7755B3F3 /* KeychainStore.swift */,
				A9DBB3AC09D4C639CC4D6F16 /* Log.swift */,
				BB691C4A6FDC0397BEE42712 /* MenuBarView.swift */,
				79F2C91E4115654025078FA7 /* PhotosAlbumSource.swift */,
				01FA436262094C77F145604F /* ScreenBridge.swift */,
				E221C56A9E685EE7ACF3A57A /* SettingsView.swift */,
				D39B229838E571534ADF21BC /* SourcePools.swift */,
				D4C5157584F83440AAC77604 /* URLCommands.swift */,
				5F50DFF1C33FCD3418748A55 /* VideoLibrary.swift */,
				454234BEFCC9A12FB66E29D8 /* WallpaperCoordinator.swift */,
			);
			path = Foldwall;
			sourceTree = "<group>";
		};
		7D1328E0F0F4F49B79EB93CD /* FoldwallExtension */ = {
			isa = PBXGroup;
			children = (
				4BD192E373AC2E51D47E0D53 /* BMPCache.swift */,
				C6B08E9E36E9B7A93860DEB2 /* CallerValidation.swift */,
				7C4BFC4A5542B8AF792DC9E0 /* CodableShims.swift */,
				B38ACD486A81CECDF2FE3350 /* ColorDiag.swift */,
				2EAD79AD8134BB68B8809051 /* Info.plist */,
				A5E2643B0C660DA235688E63 /* Logging.swift */,
				795D5C0D79855DB63BB50C04 /* PathSafety.swift */,
				7ECD9007D4C222C7C75876A4 /* PhospheneExtension.swift */,
				E7B10F91024DF53CB2148890 /* PlaybackPolicy.swift */,
				B1ABA945B65F90652072F5EB /* PowerMonitor.swift */,
				009C3F8619E6EDA0D03BF7F1 /* RuntimeHelpers.swift */,
				84B50A679DBCF07FED1D81F6 /* SettingsProvider.swift */,
				B343126CD55D783EC5E00EE5 /* SettingsPush.swift */,
				C3FB60BFEE248C8E6DD972BE /* ShuffleController.swift */,
				E40C81D3C1A07CE1F3ED1648 /* SnapshotCreation.swift */,
				518D0031795CF649B310C408 /* SpiralRecovery.swift */,
				6DF36A574783B3A5CF124D0B /* StillBisect.swift */,
				E216777F3E89C6FED4883D26 /* StillFrame.swift */,
				B8CB83C94BFAF11B687173A5 /* VideoDiscovery.swift */,
				71E708670941E4004FD0507F /* VideoLibrary.swift */,
				3D7ECEFC677F192CEC4055E5 /* VideoRenderer.swift */,
				6C0594BA6D7501BB7329D2AB /* WallpaperExtension-Bridging-Header.h */,
				DC3A9FD410CB3D9B2DC5C4FF /* WallpaperExtensionConfig.swift */,
				3795C77FC9B118EFF6165BFC /* WallpaperIDProbe.swift */,
				EF3539615A6B30B3606F7909 /* WallpaperPrefs.swift */,
				F77B1E00F726450C0F0D065D /* WallpaperState.swift */,
				1255182E3C1E803ACB818039 /* WallpaperXPCHandler.swift */,
			);
			path = FoldwallExtension;
			sourceTree = "<group>";
		};
		D0124B9B35C7BE554E63590F /* FoldwallCoreTests */ = {
			isa = PBXGroup;
			children = (
				BE46C077CBAA4384DAC0ACD7 /* BookmarkCodecTests.swift */,
				4E01CE88CBBB810189D8DA9F /* CacheLocationTests.swift */,
				C92B9B55B320A65ABD988F12 /* FolderIndexTests.swift */,
				80EB9ED77FE384AFBBD4E399 /* ImageLoaderTests.swift */,
				370E7E214D59EA0EA71EA2AE /* MaterializerTests.swift */,
				F38B76ED23633AAB64E77B82 /* MediaIndexerTests.swift */,
				7D1BC76F17F313123DC82D1E /* MontageComposerTests.swift */,
				730E77457041D8F787E9CB3B /* PostProcessorTests.swift */,
				F4747EF7E9295E3904BECE54 /* PowerPolicyTests.swift */,
				82D67A68B60193D7474651E2 /* RemoteSourceTests.swift */,
				DBAC7B5EAFB0B7AD84CC89FA /* SchedulerTests.swift */,
				564344F73AFB43461C1C5C6F /* SmokeTests.swift */,
				FFEE5003280816D4A6824400 /* SourceRuleTests.swift */,
				8D180418083ACDF14855DAA6 /* StillPipelineTests.swift */,
				48735D5E9C401F36A5445D3E /* VideoBudgetTests.swift */,
				C8275ADFFEE34F26A3E5F290 /* VideoSyncPolicyTests.swift */,
			);
			path = FoldwallCoreTests;
			sourceTree = "<group>";
		};
		D835018F0782A3A7A6FD6E67 /* FoldwallCore */ = {
			isa = PBXGroup;
			children = (
				4F48E153F0F5100E70855B71 /* AppPaths.swift */,
				CDCF3EE91465CE5238202918 /* BookmarkCodec.swift */,
				82AF9FEF27C90104972F2A43 /* CacheLocation.swift */,
				3B012BB744EF3731DFE4932C /* FocusMode.swift */,
				323DC509BC0D0DC3F24DF2B0 /* FolderIndex.swift */,
				21CCF36F676D3CBC0E595622 /* FolderStore.swift */,
				A11A99B8528DAD2DC4A4A791 /* FoldwallCore.swift */,
				DBB8D3B7FAF0FF86FEB4C4B3 /* ImageLoader.swift */,
				4A1ABB98FFC2C01CC91F13C7 /* Materializer.swift */,
				A1F33540AF00E0706871101C /* MediaIndexer.swift */,
				0536332713CD383113F12207 /* MediaTypes.swift */,
				2216BA67DC766360D922163E /* MontageComposer.swift */,
				50AC50656034A8E70E15745A /* PostProcessor.swift */,
				F2252B86A0D6C04019F08E8F /* PowerPolicy.swift */,
				B368BF402B996913638214B0 /* Scheduler.swift */,
				6F0090E8FE99370E3B33F4C3 /* SeededGenerator.swift */,
				1C09F091FE57E0C6E576D4DB /* SourceRule.swift */,
				F0365A5BE6AFEC79B9F9DF1A /* StillPipeline.swift */,
				0E4ED49A791C704E2B642E77 /* VideoBudget.swift */,
				0AFDC7276A7213CF7E068E29 /* VideoSyncPolicy.swift */,
				E784A13B08E32BBA7C2D5BCD /* RemoteSources */,
			);
			path = FoldwallCore;
			sourceTree = "<group>";
		};
		E784A13B08E32BBA7C2D5BCD /* RemoteSources */ = {
			isa = PBXGroup;
			children = (
				0C53395606A1DA4E05C57349 /* ImmichSource.swift */,
				80F91579F24C55ADDFD99008 /* PexelsVideoSource.swift */,
				9E039C60CA4D2E386C859D04 /* RemoteFetcher.swift */,
				9DD96E66931B96E42BD2AD9B /* RemoteSource.swift */,
				E4C106A8CD899E27A4D09DB6 /* RSSPhotoSource.swift */,
				6883E649A361BF5DA84462EF /* StockPhotoSources.swift */,
			);
			path = RemoteSources;
			sourceTree = "<group>";
		};
/* End PBXGroup section */

/* Begin PBXNativeTarget section */
		2FC1E52C177B72AD8E14D3E7 /* FoldwallCore */ = {
			isa = PBXNativeTarget;
			buildConfigurationList = 1F314ED627A9469BC8024C4A /* Build configuration list for PBXNativeTarget "FoldwallCore" */;
			buildPhases = (
				619EC6F6768C8B2F0F3EE865 /* Sources */,
			);
			buildRules = (
			);
			dependencies = (
			);
			name = FoldwallCore;
			packageProductDependencies = (
			);
			productName = FoldwallCore;
			productReference = E49E531D6B989F9304A2E022 /* FoldwallCore.framework */;
			productType = "com.apple.product-type.framework";
		};
		B2F573E00142193084436564 /* Foldwall */ = {
			isa = PBXNativeTarget;
			buildConfigurationList = FB465A697F9A21958400BDC2 /* Build configuration list for PBXNativeTarget "Foldwall" */;
			buildPhases = (
				5EE716B05A1F5CB8309BB198 /* Sources */,
				A8A027BF279448E5A149EB08 /* Resources */,
				8699D32BB9A1A12F6E4B4396 /* Frameworks */,
				95348531D1C6736FBDBA5ECA /* Embed ExtensionKit Extensions */,
				CF1DB9C5BB78FB689CBDFEDA /* Embed Frameworks */,
			);
			buildRules = (
			);
			dependencies = (
				C95B0D9AAC1C27F3DC2A87D7 /* PBXTargetDependency */,
				53BE44C4A1C965C19511281D /* PBXTargetDependency */,
			);
			name = Foldwall;
			packageProductDependencies = (
			);
			productName = Foldwall;
			productReference = 482A530F542F9E528E053F99 /* Foldwall.app */;
			productType = "com.apple.product-type.application";
		};
		F774F423953AEE15C0F3C4C1 /* FoldwallCoreTests */ = {
			isa = PBXNativeTarget;
			buildConfigurationList = 2DB42DA536EAB088C38BC0C0 /* Build configuration list for PBXNativeTarget "FoldwallCoreTests" */;
			buildPhases = (
				F33B5E600A4DC2A31C30AD0F /* Sources */,
				7E6289C27F9A372E35A139DB /* Frameworks */,
				8A263DBD35C01BD0C03C3224 /* Embed Frameworks */,
			);
			buildRules = (
			);
			dependencies = (
				5308CF4D42C4DAE215816E8C /* PBXTargetDependency */,
			);
			name = FoldwallCoreTests;
			packageProductDependencies = (
			);
			productName = FoldwallCoreTests;
			productReference = 330F76F05B90DA6A2C8994B2 /* FoldwallCoreTests.xctest */;
			productType = "com.apple.product-type.bundle.unit-test";
		};
		FF04888971DC8A34248FE432 /* FoldwallExtension */ = {
			isa = PBXNativeTarget;
			buildConfigurationList = 88263D73DF9190034A41F946 /* Build configuration list for PBXNativeTarget "FoldwallExtension" */;
			buildPhases = (
				F4B2EF3DB9E79B0AA42B3103 /* Sources */,
			);
			buildRules = (
			);
			dependencies = (
			);
			name = FoldwallExtension;
			packageProductDependencies = (
			);
			productName = FoldwallExtension;
			productReference = CBF4F8F8720739430A6B2304 /* FoldwallExtension.appex */;
			productType = "com.apple.product-type.extensionkit-extension";
		};
/* End PBXNativeTarget section */

/* Begin PBXProject section */
		9D42663548EAAA55EEC2DDED /* Project object */ = {
			isa = PBXProject;
			attributes = {
				BuildIndependentTargetsInParallel = YES;
				LastUpgradeCheck = 1430;
				TargetAttributes = {
					2FC1E52C177B72AD8E14D3E7 = {
						ProvisioningStyle = Manual;
					};
					B2F573E00142193084436564 = {
						ProvisioningStyle = Manual;
					};
					F774F423953AEE15C0F3C4C1 = {
						ProvisioningStyle = Manual;
					};
					FF04888971DC8A34248FE432 = {
						ProvisioningStyle = Manual;
					};
				};
			};
			buildConfigurationList = F196A47AFBA473A49EF4E78C /* Build configuration list for PBXProject "Foldwall" */;
			developmentRegion = en;
			hasScannedForEncodings = 0;
			knownRegions = (
				Base,
				en,
			);
			mainGroup = 1E3B0AB547E5B1C5FAA0C7C6;
			minimizedProjectReferenceProxies = 1;
			preferredProjectObjectVersion = 77;
			productRefGroup = 5509EF074B754DF578AF0B3B /* Products */;
			projectDirPath = "";
			projectRoot = "";
			targets = (
				2FC1E52C177B72AD8E14D3E7 /* FoldwallCore */,
				B2F573E00142193084436564 /* Foldwall */,
				FF04888971DC8A34248FE432 /* FoldwallExtension */,
				F774F423953AEE15C0F3C4C1 /* FoldwallCoreTests */,
			);
		};
/* End PBXProject section */

/* Begin PBXResourcesBuildPhase section */
		A8A027BF279448E5A149EB08 /* Resources */ = {
			isa = PBXResourcesBuildPhase;
			buildActionMask = 2147483647;
			files = (
				3D39C32EF99363B96CAEBA34 /* Assets.xcassets in Resources */,
			);
			runOnlyForDeploymentPostprocessing = 0;
		};
/* End PBXResourcesBuildPhase section */

/* Begin PBXSourcesBuildPhase section */
		5EE716B05A1F5CB8309BB198 /* Sources */ = {
			isa = PBXSourcesBuildPhase;
			buildActionMask = 2147483647;
			files = (
				F284864AD5D3FFD2108FABF6 /* App.swift in Sources */,
				265FAEA4AFBE2ECEA55C3706 /* AppSettings.swift in Sources */,
				0A328497EF2B9FB5F10FB13A /* BookmarkStore.swift in Sources */,
				03BA9BEA2BF491CF477FD52E /* FocusModeMonitor.swift in Sources */,
				F62BD57266782820386C1DD8 /* KeychainStore.swift in Sources */,
				65A9EAD6358876ED744707CB /* Log.swift in Sources */,
				AACF133C242AB3AAC1A1CCBC /* MenuBarView.swift in Sources */,
				16770D2395B645C46580F34F /* PhotosAlbumSource.swift in Sources */,
				5F9315C6A2D52A85413145ED /* ScreenBridge.swift in Sources */,
				E497FC198B031BA42C51FC88 /* SettingsView.swift in Sources */,
				B5E53840ED965C03C2758641 /* SourcePools.swift in Sources */,
				F5BDA3E030571A72F08DD061 /* URLCommands.swift in Sources */,
				00C0E066D66649D4E8A616CC /* VideoLibrary.swift in Sources */,
				DEE8E46B1D901D07C5714997 /* WallpaperCoordinator.swift in Sources */,
			);
			runOnlyForDeploymentPostprocessing = 0;
		};
		619EC6F6768C8B2F0F3EE865 /* Sources */ = {
			isa = PBXSourcesBuildPhase;
			buildActionMask = 2147483647;
			files = (
				A01F51BB128D11E0938E7C96 /* AppPaths.swift in Sources */,
				27166EDA9AF7EBCAC515D4D5 /* BookmarkCodec.swift in Sources */,
				B3C57A19BAB25B7EBCFCBDCB /* CacheLocation.swift in Sources */,
				D74A7F0CFB9EC1027461EEC5 /* FocusMode.swift in Sources */,
				1ADDE794B590B6AF3765C839 /* FolderIndex.swift in Sources */,
				BBAB65431B2DFD61F0889A4B /* FolderStore.swift in Sources */,
				23BBDD3C9164C1F85EA7160A /* FoldwallCore.swift in Sources */,
				40E7998011B4545649176ABF /* ImageLoader.swift in Sources */,
				1126B7609AAAFB433500AFE5 /* ImmichSource.swift in Sources */,
				C24D15F995832C471CB6A068 /* Materializer.swift in Sources */,
				D9C3D378F0BD590722071BEC /* MediaIndexer.swift in Sources */,
				B2EB06A05DE4694840CE0EA8 /* MediaTypes.swift in Sources */,
				95B31AFB47B596304F871036 /* MontageComposer.swift in Sources */,
				3299FC78A3798C3B872890F5 /* PexelsVideoSource.swift in Sources */,
				AF6179D5C589BC4CC699D4F6 /* PostProcessor.swift in Sources */,
				07160475125EA5E345D6C83E /* PowerPolicy.swift in Sources */,
				B58B5B92EBFE84E3DBA8DADE /* RSSPhotoSource.swift in Sources */,
				00267D42D69CDB47852E766E /* RemoteFetcher.swift in Sources */,
				1FA6078766AAFBEDB228813B /* RemoteSource.swift in Sources */,
				16BBB7C72290AA8AADD24261 /* Scheduler.swift in Sources */,
				CABE1C2984D7A947A550212A /* SeededGenerator.swift in Sources */,
				FE9558C9F45F0B65F2C27343 /* SourceRule.swift in Sources */,
				0E86B6FE55056D80DB31D676 /* StillPipeline.swift in Sources */,
				6ADE634EB748FC836C883F32 /* StockPhotoSources.swift in Sources */,
				87655E5A14310BDF681663B3 /* VideoBudget.swift in Sources */,
				7D9342E7924CA2A096470943 /* VideoSyncPolicy.swift in Sources */,
			);
			runOnlyForDeploymentPostprocessing = 0;
		};
		F33B5E600A4DC2A31C30AD0F /* Sources */ = {
			isa = PBXSourcesBuildPhase;
			buildActionMask = 2147483647;
			files = (
				FA6BD13E5C5D78CF617584B6 /* BookmarkCodecTests.swift in Sources */,
				151782763573134BF1A2DB6F /* CacheLocationTests.swift in Sources */,
				375747239E8D23673EDA3BE0 /* FolderIndexTests.swift in Sources */,
				D78F40C2C2CB739C8376EC74 /* ImageLoaderTests.swift in Sources */,
				495C27A4ACA263CB4FEBBCBE /* MaterializerTests.swift in Sources */,
				C2158F12A42DF513374AD5B9 /* MediaIndexerTests.swift in Sources */,
				54E39334AB011B4CBB2A9F56 /* MontageComposerTests.swift in Sources */,
				66343747EF40A8EB3BBA6D68 /* PostProcessorTests.swift in Sources */,
				16D8CC1A177A963F1E2A9D40 /* PowerPolicyTests.swift in Sources */,
				3DBC7A44F0A669CF5AC6090E /* RemoteSourceTests.swift in Sources */,
				DBC5BD6539C32AFCEA679DCD /* SchedulerTests.swift in Sources */,
				16649CB4399A84CEE2CC4B86 /* SmokeTests.swift in Sources */,
				1EF45429AAF53175F083385B /* SourceRuleTests.swift in Sources */,
				E437D5446590E9374407145A /* StillPipelineTests.swift in Sources */,
				C43F79CADDE30F70102A808E /* VideoBudgetTests.swift in Sources */,
				E0A358BA2EAF27C05918B2D8 /* VideoSyncPolicyTests.swift in Sources */,
			);
			runOnlyForDeploymentPostprocessing = 0;
		};
		F4B2EF3DB9E79B0AA42B3103 /* Sources */ = {
			isa = PBXSourcesBuildPhase;
			buildActionMask = 2147483647;
			files = (
				3E57E6D2B78746BB87456FE4 /* BMPCache.swift in Sources */,
				CBE43F39325415669C08EB27 /* CallerValidation.swift in Sources */,
				AD8805F559DFCB093ECB0516 /* CodableShims.swift in Sources */,
				755EEBD8381C19103C1FD737 /* ColorDiag.swift in Sources */,
				C9D2253EB8B4468A1B5B6C25 /* Logging.swift in Sources */,
				AD934039EE7025AA2DCEF959 /* PathSafety.swift in Sources */,
				644A533C3893C2977958C259 /* PhospheneExtension.swift in Sources */,
				79BA557AF882B502FBFC6B4D /* PlaybackPolicy.swift in Sources */,
				FA9453E545A31301D817F5BA /* PowerMonitor.swift in Sources */,
				035322FEF2D167B23F71EC42 /* RuntimeHelpers.swift in Sources */,
				5707C1DACFB8266C3AB76221 /* SettingsProvider.swift in Sources */,
				F6D52EE27881CC76F93FEF53 /* SettingsPush.swift in Sources */,
				FE20FEC26E53CF676927CE4D /* ShuffleController.swift in Sources */,
				613A33A1D5135B3B42CA3A26 /* SnapshotCreation.swift in Sources */,
				CA8E6F160E654B5F4FD844B3 /* SpiralRecovery.swift in Sources */,
				94E651F73BBE0E46A883C2D7 /* StillBisect.swift in Sources */,
				63A266042CDD0F21E1183FE4 /* StillFrame.swift in Sources */,
				171C4C3D85846B80536803B7 /* VideoDiscovery.swift in Sources */,
				35BDF2810C811F30745A5F45 /* VideoLibrary.swift in Sources */,
				8615F7E8DA4CDBF3A92C7F62 /* VideoRenderer.swift in Sources */,
				6DC2F7BB1159F26D4AA2E8EC /* WallpaperExtensionConfig.swift in Sources */,
				EDF67E4774379F61CEAEA4A3 /* WallpaperIDProbe.swift in Sources */,
				F0F35D7FBBF9A88B621B8E38 /* WallpaperPrefs.swift in Sources */,
				E1E10DEF235F35016D1443BE /* WallpaperState.swift in Sources */,
				D9C7AA987B0FB65778C1E8F0 /* WallpaperXPCHandler.swift in Sources */,
			);
			runOnlyForDeploymentPostprocessing = 0;
		};
/* End PBXSourcesBuildPhase section */

/* Begin PBXTargetDependency section */
		5308CF4D42C4DAE215816E8C /* PBXTargetDependency */ = {
			isa = PBXTargetDependency;
			target = 2FC1E52C177B72AD8E14D3E7 /* FoldwallCore */;
			targetProxy = D3AF93C9F1CCA6AA81767133 /* PBXContainerItemProxy */;
		};
		53BE44C4A1C965C19511281D /* PBXTargetDependency */ = {
			isa = PBXTargetDependency;
			target = FF04888971DC8A34248FE432 /* FoldwallExtension */;
			targetProxy = B7688DB8B229E999FBCB3C4B /* PBXContainerItemProxy */;
		};
		C95B0D9AAC1C27F3DC2A87D7 /* PBXTargetDependency */ = {
			isa = PBXTargetDependency;
			target = 2FC1E52C177B72AD8E14D3E7 /* FoldwallCore */;
			targetProxy = 36EE5595143A46F7DFDF5318 /* PBXContainerItemProxy */;
		};
/* End PBXTargetDependency section */

/* Begin XCBuildConfiguration section */
		16BC753257B1522D910E2D6F /* Release */ = {
			isa = XCBuildConfiguration;
			buildSettings = {
				CODE_SIGN_IDENTITY = "-";
				CODE_SIGN_STYLE = Manual;
				COMBINE_HIDPI_IMAGES = YES;
				CURRENT_PROJECT_VERSION = 1;
				DEFINES_MODULE = YES;
				DYLIB_COMPATIBILITY_VERSION = 1;
				DYLIB_CURRENT_VERSION = 1;
				DYLIB_INSTALL_NAME_BASE = "@rpath";
				GENERATE_INFOPLIST_FILE = YES;
				INSTALL_PATH = "$(LOCAL_LIBRARY_DIR)/Frameworks";
				LD_RUNPATH_SEARCH_PATHS = (
					"$(inherited)",
					"@executable_path/../Frameworks",
				);
				PRODUCT_BUNDLE_IDENTIFIER = app.foldwall.core;
				SDKROOT = macosx;
				SKIP_INSTALL = YES;
				VERSIONING_SYSTEM = "apple-generic";
			};
			name = Release;
		};
		1A9A9D6E2322AFDDFCBA853B /* Debug */ = {
			isa = XCBuildConfiguration;
			buildSettings = {
				ASSETCATALOG_COMPILER_APPICON_NAME = AppIcon;
				CODE_SIGN_ENTITLEMENTS = Foldwall/Foldwall.entitlements;
				CODE_SIGN_IDENTITY = "-";
				CODE_SIGN_STYLE = Manual;
				COMBINE_HIDPI_IMAGES = YES;
				CURRENT_PROJECT_VERSION = 21;
				ENABLE_APP_SANDBOX = NO;
				ENABLE_HARDENED_RUNTIME = YES;
				GENERATE_INFOPLIST_FILE = YES;
				INFOPLIST_FILE = Foldwall/Info.plist;
				INFOPLIST_KEY_LSUIElement = YES;
				INFOPLIST_KEY_NSHumanReadableCopyright = "MIT. Video pipeline forked from Phosphene (MIT).";
				INFOPLIST_KEY_NSPhotoLibraryUsageDescription = "Foldwall 讀取你選擇的相簿，用來合成桌布蒙太奇。照片不會離開這台電腦。";
				LD_RUNPATH_SEARCH_PATHS = (
					"$(inherited)",
					"@executable_path/../Frameworks",
				);
				MARKETING_VERSION = 0.3.6;
				PRODUCT_BUNDLE_IDENTIFIER = app.foldwall;
				PRODUCT_NAME = Foldwall;
				SDKROOT = macosx;
			};
			name = Debug;
		};
		25A9D45F5EB2B4EA8E485C10 /* Debug */ = {
			isa = XCBuildConfiguration;
			buildSettings = {
				CODE_SIGN_IDENTITY = "-";
				CODE_SIGN_STYLE = Manual;
				COMBINE_HIDPI_IMAGES = YES;
				CURRENT_PROJECT_VERSION = 1;
				DEFINES_MODULE = YES;
				DYLIB_COMPATIBILITY_VERSION = 1;
				DYLIB_CURRENT_VERSION = 1;
				DYLIB_INSTALL_NAME_BASE = "@rpath";
				GENERATE_INFOPLIST_FILE = YES;
				INSTALL_PATH = "$(LOCAL_LIBRARY_DIR)/Frameworks";
				LD_RUNPATH_SEARCH_PATHS = (
					"$(inherited)",
					"@executable_path/../Frameworks",
				);
				PRODUCT_BUNDLE_IDENTIFIER = app.foldwall.core;
				SDKROOT = macosx;
				SKIP_INSTALL = YES;
				VERSIONING_SYSTEM = "apple-generic";
			};
			name = Debug;
		};
		64E1A427E7522A7B204FE3F2 /* Release */ = {
			isa = XCBuildConfiguration;
			buildSettings = {
				CODE_SIGN_IDENTITY = "-";
				CODE_SIGN_STYLE = Manual;
				COMBINE_HIDPI_IMAGES = YES;
				CURRENT_PROJECT_VERSION = 21;
				ENABLE_APP_SANDBOX = YES;
				ENABLE_HARDENED_RUNTIME = YES;
				GENERATE_INFOPLIST_FILE = YES;
				INFOPLIST_FILE = FoldwallExtension/Info.plist;
				INFOPLIST_KEY_CFBundleDisplayName = Foldwall;
				LD_RUNPATH_SEARCH_PATHS = (
					"$(inherited)",
					"@executable_path/../Frameworks",
				);
				MARKETING_VERSION = 0.3.6;
				PRODUCT_BUNDLE_IDENTIFIER = app.foldwall.extension;
				PRODUCT_NAME = FoldwallExtension;
				SDKROOT = macosx;
				SKIP_INSTALL = YES;
				SWIFT_OBJC_BRIDGING_HEADER = "FoldwallExtension/WallpaperExtension-Bridging-Header.h";
			};
			name = Release;
		};
		6798828E9BF5124159E7D928 /* Debug */ = {
			isa = XCBuildConfiguration;
			buildSettings = {
				BUNDLE_LOADER = "$(TEST_HOST)";
				CODE_SIGN_IDENTITY = "-";
				CODE_SIGN_STYLE = Manual;
				COMBINE_HIDPI_IMAGES = YES;
				GENERATE_INFOPLIST_FILE = YES;
				LD_RUNPATH_SEARCH_PATHS = (
					"$(inherited)",
					"@executable_path/../Frameworks",
					"@loader_path/../Frameworks",
				);
				PRODUCT_BUNDLE_IDENTIFIER = app.foldwall.FoldwallCoreTests;
				SDKROOT = macosx;
			};
			name = Debug;
		};
		71734ADB53D6DF8C66AC91BD /* Release */ = {
			isa = XCBuildConfiguration;
			buildSettings = {
				ALWAYS_SEARCH_USER_PATHS = NO;
				ARCHS = arm64;
				CLANG_ANALYZER_NONNULL = YES;
				CLANG_ANALYZER_NUMBER_OBJECT_CONVERSION = YES_AGGRESSIVE;
				CLANG_CXX_LANGUAGE_STANDARD = "gnu++14";
				CLANG_CXX_LIBRARY = "libc++";
				CLANG_ENABLE_MODULES = YES;
				CLANG_ENABLE_OBJC_ARC = YES;
				CLANG_ENABLE_OBJC_WEAK = YES;
				CLANG_WARN_BLOCK_CAPTURE_AUTORELEASING = YES;
				CLANG_WARN_BOOL_CONVERSION = YES;
				CLANG_WARN_COMMA = YES;
				CLANG_WARN_CONSTANT_CONVERSION = YES;
				CLANG_WARN_DEPRECATED_OBJC_IMPLEMENTATIONS = YES;
				CLANG_WARN_DIRECT_OBJC_ISA_USAGE = YES_ERROR;
				CLANG_WARN_DOCUMENTATION_COMMENTS = YES;
				CLANG_WARN_EMPTY_BODY = YES;
				CLANG_WARN_ENUM_CONVERSION = YES;
				CLANG_WARN_INFINITE_RECURSION = YES;
				CLANG_WARN_INT_CONVERSION = YES;
				CLANG_WARN_NON_LITERAL_NULL_CONVERSION = YES;
				CLANG_WARN_OBJC_IMPLICIT_RETAIN_SELF = YES;
				CLANG_WARN_OBJC_LITERAL_CONVERSION = YES;
				CLANG_WARN_OBJC_ROOT_CLASS = YES_ERROR;
				CLANG_WARN_QUOTED_INCLUDE_IN_FRAMEWORK_HEADER = YES;
				CLANG_WARN_RANGE_LOOP_ANALYSIS = YES;
				CLANG_WARN_STRICT_PROTOTYPES = YES;
				CLANG_WARN_SUSPICIOUS_MOVE = YES;
				CLANG_WARN_UNGUARDED_AVAILABILITY = YES_AGGRESSIVE;
				CLANG_WARN_UNREACHABLE_CODE = YES;
				CLANG_WARN__DUPLICATE_METHOD_MATCH = YES;
				COPY_PHASE_STRIP = NO;
				DEBUG_INFORMATION_FORMAT = "dwarf-with-dsym";
				ENABLE_NS_ASSERTIONS = NO;
				ENABLE_STRICT_OBJC_MSGSEND = YES;
				ENABLE_USER_SCRIPT_SANDBOXING = NO;
				GCC_C_LANGUAGE_STANDARD = gnu11;
				GCC_NO_COMMON_BLOCKS = YES;
				GCC_TREAT_WARNINGS_AS_ERRORS = NO;
				GCC_WARN_64_TO_32_BIT_CONVERSION = YES;
				GCC_WARN_ABOUT_RETURN_TYPE = YES_ERROR;
				GCC_WARN_UNDECLARED_SELECTOR = YES;
				GCC_WARN_UNINITIALIZED_AUTOS = YES_AGGRESSIVE;
				GCC_WARN_UNUSED_FUNCTION = YES;
				GCC_WARN_UNUSED_VARIABLE = YES;
				MACOSX_DEPLOYMENT_TARGET = 26.0;
				MTL_ENABLE_DEBUG_INFO = NO;
				MTL_FAST_MATH = YES;
				ONLY_ACTIVE_ARCH = YES;
				PRODUCT_NAME = "$(TARGET_NAME)";
				SDKROOT = macosx;
				SWIFT_COMPILATION_MODE = wholemodule;
				SWIFT_OPTIMIZATION_LEVEL = "-O";
				SWIFT_STRICT_CONCURRENCY = complete;
				SWIFT_VERSION = 6.0;
				VALID_ARCHS = arm64;
			};
			name = Release;
		};
		B58FD43AAB89C551F3985A05 /* Debug */ = {
			isa = XCBuildConfiguration;
			buildSettings = {
				ALWAYS_SEARCH_USER_PATHS = NO;
				ARCHS = arm64;
				CLANG_ANALYZER_NONNULL = YES;
				CLANG_ANALYZER_NUMBER_OBJECT_CONVERSION = YES_AGGRESSIVE;
				CLANG_CXX_LANGUAGE_STANDARD = "gnu++14";
				CLANG_CXX_LIBRARY = "libc++";
				CLANG_ENABLE_MODULES = YES;
				CLANG_ENABLE_OBJC_ARC = YES;
				CLANG_ENABLE_OBJC_WEAK = YES;
				CLANG_WARN_BLOCK_CAPTURE_AUTORELEASING = YES;
				CLANG_WARN_BOOL_CONVERSION = YES;
				CLANG_WARN_COMMA = YES;
				CLANG_WARN_CONSTANT_CONVERSION = YES;
				CLANG_WARN_DEPRECATED_OBJC_IMPLEMENTATIONS = YES;
				CLANG_WARN_DIRECT_OBJC_ISA_USAGE = YES_ERROR;
				CLANG_WARN_DOCUMENTATION_COMMENTS = YES;
				CLANG_WARN_EMPTY_BODY = YES;
				CLANG_WARN_ENUM_CONVERSION = YES;
				CLANG_WARN_INFINITE_RECURSION = YES;
				CLANG_WARN_INT_CONVERSION = YES;
				CLANG_WARN_NON_LITERAL_NULL_CONVERSION = YES;
				CLANG_WARN_OBJC_IMPLICIT_RETAIN_SELF = YES;
				CLANG_WARN_OBJC_LITERAL_CONVERSION = YES;
				CLANG_WARN_OBJC_ROOT_CLASS = YES_ERROR;
				CLANG_WARN_QUOTED_INCLUDE_IN_FRAMEWORK_HEADER = YES;
				CLANG_WARN_RANGE_LOOP_ANALYSIS = YES;
				CLANG_WARN_STRICT_PROTOTYPES = YES;
				CLANG_WARN_SUSPICIOUS_MOVE = YES;
				CLANG_WARN_UNGUARDED_AVAILABILITY = YES_AGGRESSIVE;
				CLANG_WARN_UNREACHABLE_CODE = YES;
				CLANG_WARN__DUPLICATE_METHOD_MATCH = YES;
				COPY_PHASE_STRIP = NO;
				DEBUG_INFORMATION_FORMAT = dwarf;
				ENABLE_STRICT_OBJC_MSGSEND = YES;
				ENABLE_TESTABILITY = YES;
				ENABLE_USER_SCRIPT_SANDBOXING = NO;
				GCC_C_LANGUAGE_STANDARD = gnu11;
				GCC_DYNAMIC_NO_PIC = NO;
				GCC_NO_COMMON_BLOCKS = YES;
				GCC_OPTIMIZATION_LEVEL = 0;
				GCC_PREPROCESSOR_DEFINITIONS = (
					"$(inherited)",
					"DEBUG=1",
				);
				GCC_TREAT_WARNINGS_AS_ERRORS = NO;
				GCC_WARN_64_TO_32_BIT_CONVERSION = YES;
				GCC_WARN_ABOUT_RETURN_TYPE = YES_ERROR;
				GCC_WARN_UNDECLARED_SELECTOR = YES;
				GCC_WARN_UNINITIALIZED_AUTOS = YES_AGGRESSIVE;
				GCC_WARN_UNUSED_FUNCTION = YES;
				GCC_WARN_UNUSED_VARIABLE = YES;
				MACOSX_DEPLOYMENT_TARGET = 26.0;
				MTL_ENABLE_DEBUG_INFO = INCLUDE_SOURCE;
				MTL_FAST_MATH = YES;
				ONLY_ACTIVE_ARCH = YES;
				PRODUCT_NAME = "$(TARGET_NAME)";
				SDKROOT = macosx;
				SWIFT_ACTIVE_COMPILATION_CONDITIONS = DEBUG;
				SWIFT_OPTIMIZATION_LEVEL = "-Onone";
				SWIFT_STRICT_CONCURRENCY = complete;
				SWIFT_VERSION = 6.0;
				VALID_ARCHS = arm64;
			};
			name = Debug;
		};
		B7AFBD93FC1AC98989361454 /* Debug */ = {
			isa = XCBuildConfiguration;
			buildSettings = {
				CODE_SIGN_IDENTITY = "-";
				CODE_SIGN_STYLE = Manual;
				COMBINE_HIDPI_IMAGES = YES;
				CURRENT_PROJECT_VERSION = 21;
				ENABLE_APP_SANDBOX = YES;
				ENABLE_HARDENED_RUNTIME = YES;
				GENERATE_INFOPLIST_FILE = YES;
				INFOPLIST_FILE = FoldwallExtension/Info.plist;
				INFOPLIST_KEY_CFBundleDisplayName = Foldwall;
				LD_RUNPATH_SEARCH_PATHS = (
					"$(inherited)",
					"@executable_path/../Frameworks",
				);
				MARKETING_VERSION = 0.3.6;
				PRODUCT_BUNDLE_IDENTIFIER = app.foldwall.extension;
				PRODUCT_NAME = FoldwallExtension;
				SDKROOT = macosx;
				SKIP_INSTALL = YES;
				SWIFT_OBJC_BRIDGING_HEADER = "FoldwallExtension/WallpaperExtension-Bridging-Header.h";
			};
			name = Debug;
		};
		CE3D15FBD1C0D0A2D0487C37 /* Release */ = {
			isa = XCBuildConfiguration;
			buildSettings = {
				BUNDLE_LOADER = "$(TEST_HOST)";
				CODE_SIGN_IDENTITY = "-";
				CODE_SIGN_STYLE = Manual;
				COMBINE_HIDPI_IMAGES = YES;
				GENERATE_INFOPLIST_FILE = YES;
				LD_RUNPATH_SEARCH_PATHS = (
					"$(inherited)",
					"@executable_path/../Frameworks",
					"@loader_path/../Frameworks",
				);
				PRODUCT_BUNDLE_IDENTIFIER = app.foldwall.FoldwallCoreTests;
				SDKROOT = macosx;
			};
			name = Release;
		};
		F68D497E8A070AB1B62F47D3 /* Release */ = {
			isa = XCBuildConfiguration;
			buildSettings = {
				ASSETCATALOG_COMPILER_APPICON_NAME = AppIcon;
				CODE_SIGN_ENTITLEMENTS = Foldwall/Foldwall.entitlements;
				CODE_SIGN_IDENTITY = "-";
				CODE_SIGN_STYLE = Manual;
				COMBINE_HIDPI_IMAGES = YES;
				CURRENT_PROJECT_VERSION = 21;
				ENABLE_APP_SANDBOX = NO;
				ENABLE_HARDENED_RUNTIME = YES;
				GENERATE_INFOPLIST_FILE = YES;
				INFOPLIST_FILE = Foldwall/Info.plist;
				INFOPLIST_KEY_LSUIElement = YES;
				INFOPLIST_KEY_NSHumanReadableCopyright = "MIT. Video pipeline forked from Phosphene (MIT).";
				INFOPLIST_KEY_NSPhotoLibraryUsageDescription = "Foldwall 讀取你選擇的相簿，用來合成桌布蒙太奇。照片不會離開這台電腦。";
				LD_RUNPATH_SEARCH_PATHS = (
					"$(inherited)",
					"@executable_path/../Frameworks",
				);
				MARKETING_VERSION = 0.3.6;
				PRODUCT_BUNDLE_IDENTIFIER = app.foldwall;
				PRODUCT_NAME = Foldwall;
				SDKROOT = macosx;
			};
			name = Release;
		};
/* End XCBuildConfiguration section */

/* Begin XCConfigurationList section */
		1F314ED627A9469BC8024C4A /* Build configuration list for PBXNativeTarget "FoldwallCore" */ = {
			isa = XCConfigurationList;
			buildConfigurations = (
				25A9D45F5EB2B4EA8E485C10 /* Debug */,
				16BC753257B1522D910E2D6F /* Release */,
			);
			defaultConfigurationIsVisible = 0;
			defaultConfigurationName = Debug;
		};
		2DB42DA536EAB088C38BC0C0 /* Build configuration list for PBXNativeTarget "FoldwallCoreTests" */ = {
			isa = XCConfigurationList;
			buildConfigurations = (
				6798828E9BF5124159E7D928 /* Debug */,
				CE3D15FBD1C0D0A2D0487C37 /* Release */,
			);
			defaultConfigurationIsVisible = 0;
			defaultConfigurationName = Debug;
		};
		88263D73DF9190034A41F946 /* Build configuration list for PBXNativeTarget "FoldwallExtension" */ = {
			isa = XCConfigurationList;
			buildConfigurations = (
				B7AFBD93FC1AC98989361454 /* Debug */,
				64E1A427E7522A7B204FE3F2 /* Release */,
			);
			defaultConfigurationIsVisible = 0;
			defaultConfigurationName = Debug;
		};
		F196A47AFBA473A49EF4E78C /* Build configuration list for PBXProject "Foldwall" */ = {
			isa = XCConfigurationList;
			buildConfigurations = (
				B58FD43AAB89C551F3985A05 /* Debug */,
				71734ADB53D6DF8C66AC91BD /* Release */,
			);
			defaultConfigurationIsVisible = 0;
			defaultConfigurationName = Debug;
		};
		FB465A697F9A21958400BDC2 /* Build configuration list for PBXNativeTarget "Foldwall" */ = {
			isa = XCConfigurationList;
			buildConfigurations = (
				1A9A9D6E2322AFDDFCBA853B /* Debug */,
				F68D497E8A070AB1B62F47D3 /* Release */,
			);
			defaultConfigurationIsVisible = 0;
			defaultConfigurationName = Debug;
		};
/* End XCConfigurationList section */
	};
	rootObject = 9D42663548EAAA55EEC2DDED /* Project object */;
}
